
Microsoft Visual Studio Solution File, Format Version 12.00
# Visual Studio Version 17
VisualStudioVersion = 17.14.36811.4 d17.14
MinimumVisualStudioVersion = 10.0.40219.1
Project("{FAE04EC0-301F-11D3-BF4B-00C04F79EFBC}") = "Shoe Mart", "Shoe Mart.csproj", "{952EAEF1-9EEB-4C4A-A884-56E9D71D83F2}"
EndProject
Global
	GlobalSection(SolutionConfigurationPlatforms) = preSolution
		Debug|Any CPU = Debug|Any CPU
		Release|Any CPU = Release|Any CPU
	EndGlobalSection
	GlobalSection(ProjectConfigurationPlatforms) = postSolution
		{952EAEF1-9EEB-4C4A-A884-56E9D71D83F2}.Debug|Any CPU.ActiveCfg = Debug|Any CPU
		{952EAEF1-9EEB-4C4A-A884-56E9D71D83F2}.Debug|Any CPU.Build.0 = Debug|Any CPU
		{952EAEF1-9EEB-4C4A-A884-56E9D71D83F2}.Release|Any CPU.ActiveCfg = Release|Any CPU
		{952EAEF1-9EEB-4C4A-A884-56E9D71D83F2}.Release|Any CPU.Build.0 = Release|Any CPU
	EndGlobalSection
	GlobalSection(SolutionProperties) = preSolution
		HideSolutionNode = FALSE
	EndGlobalSection
	GlobalSection(ExtensibilityGlobals) = postSolution
		SolutionGuid = {CE8E5027-375B-4E4F-AF69-8F75118C8D8B}
	EndGlobalSection
EndGlobal
